{
  "name": "gccollab-e2e-tests",
  "version": "1.9.3",
  "lockfileVersion": 2,
  "requires": true,
  "packages": {
    "": {
      "name": "gccollab-e2e-tests",
      "version": "1.9.3",
      "license": "ISC",
      "dependencies": {
        "@haibun/cli": "1.15",
        "@haibun/core": "1.15",
        "@haibun/domain-storage": "1.15",
        "@haibun/domain-webpage": "1.15",
        "@haibun/out-review": "1.15",
        "@haibun/storage-fs": "1.15",
        "@haibun/web-playwright": "1.15"
      },
      "engines": {
        "node": ">=14"
      }
    },
    "node_modules/@haibun/cli": {
      "version": "1.15.1",
      "resolved": "https://registry.npmjs.org/@haibun/cli/-/cli-1.15.1.tgz",
      "integrity": "sha512-oDtx80C8+jO6FhVbNiG2i3Cwd2dVOyq1ySsOvIdpQo0gghz33YumwO67rr19pFBcfT0DnNUj1c1hAqlJH8ifVQ==",
      "dependencies": {
        "@haibun/core": "file:../core",
        "@haibun/domain-storage": "file:../domain-storage",
        "source-map-support": "^0.5.21"
      },
      "bin": {
        "haibun-cli": "build/cli.js"
      }
    },
    "node_modules/@haibun/cli/node_modules/@haibun/core": {
      "resolved": "node_modules/@haibun/core",
      "link": true
    },
    "node_modules/@haibun/cli/node_modules/@haibun/domain-storage": {
      "resolved": "node_modules/@haibun/domain-storage",
      "link": true
    },
    "node_modules/@haibun/context": {
      "version": "1.13.18",
      "dependencies": {
        "@haibun/core": "1.13.18",
        "@haibun/web-server-express": "1.13.18",
        "ws": "^8.9.0"
      }
    },
    "node_modules/@haibun/core": {
      "version": "1.15.1",
      "resolved": "https://registry.npmjs.org/@haibun/core/-/core-1.15.1.tgz",
      "integrity": "sha512-Wln0CMP31NGKQmBf8Im4BPRfAmCVaVhMJL7tQWybpAwEGBL5ZbeMbhOy/4DhvKqvB6oq18+hx+1DUTaLwiX3CQ=="
    },
    "node_modules/@haibun/domain-storage": {
      "version": "1.15.1",
      "resolved": "https://registry.npmjs.org/@haibun/domain-storage/-/domain-storage-1.15.1.tgz",
      "integrity": "sha512-Iy6GgyimVTyUjaT+n5MnUJZU3QuH3qSYEllBzplBCV6ivxJHi9Sl9VOdn/rNE0BRGMeVOa2ozP05z1vnmRsQeg==",
      "dependencies": {
        "@haibun/context": "file:../context",
        "@haibun/core": "file:../core"
      }
    },
    "node_modules/@haibun/domain-storage/node_modules/@haibun/core": {
      "resolved": "node_modules/@haibun/core",
      "link": true
    },
    "node_modules/@haibun/domain-webpage": {
      "version": "1.15.1",
      "resolved": "https://registry.npmjs.org/@haibun/domain-webpage/-/domain-webpage-1.15.1.tgz",
      "integrity": "sha512-dV32xfDkGQ2iHch7wlA1XO5SVgy34ynVbPaey1emuDVcEs1fy2jJDJ7G3GZbLHnIJq7rAsKQGTizojPcKYTIOQ==",
      "dependencies": {
        "@haibun/core": "file:../core"
      }
    },
    "node_modules/@haibun/domain-webpage/node_modules/@haibun/core": {
      "resolved": "node_modules/@haibun/core",
      "link": true
    },
    "node_modules/@haibun/out-review": {
      "version": "1.15.1",
      "resolved": "https://registry.npmjs.org/@haibun/out-review/-/out-review-1.15.1.tgz",
      "integrity": "sha512-SqsWKi1QvK9fDNzkQ3sMseyq0iTmjS7uttQ4Q1p2iioS9bCCERvko/GNvg7VXsLgn5H9I78fANM+hGj+WnxRAQ==",
      "dependencies": {
        "@haibun/core": "file:../core",
        "@haibun/domain-storage": "file:../domain-storage",
        "@haibun/storage-fs": "file:../storage-fs",
        "xmlbuilder2": "^3.0.2"
      },
      "bin": {
        "review-from-saved": "build/review-from-saved.js"
      }
    },
    "node_modules/@haibun/out-review/node_modules/@haibun/core": {
      "resolved": "node_modules/@haibun/core",
      "link": true
    },
    "node_modules/@haibun/out-review/node_modules/@haibun/domain-storage": {
      "resolved": "node_modules/@haibun/domain-storage",
      "link": true
    },
    "node_modules/@haibun/out-review/node_modules/@haibun/storage-fs": {
      "resolved": "node_modules/@haibun/storage-fs",
      "link": true
    },
    "node_modules/@haibun/storage-fs": {
      "version": "1.15.1",
      "resolved": "https://registry.npmjs.org/@haibun/storage-fs/-/storage-fs-1.15.1.tgz",
      "integrity": "sha512-qBtNolGWNYriabFamIiUqlzj+pwxEUQWf/tmx2BD/wVdM6OzMqgTn6ydlvyt51KJlBrd9MOMhfe3aWQwyWAtEw==",
      "dependencies": {
        "@haibun/core": "file:../core",
        "@haibun/domain-storage": "file:../domain-storage"
      }
    },
    "node_modules/@haibun/storage-fs/node_modules/@haibun/core": {
      "resolved": "node_modules/@haibun/core",
      "link": true
    },
    "node_modules/@haibun/storage-fs/node_modules/@haibun/domain-storage": {
      "resolved": "node_modules/@haibun/domain-storage",
      "link": true
    },
    "node_modules/@haibun/web-playwright": {
      "version": "1.15.1",
      "resolved": "https://registry.npmjs.org/@haibun/web-playwright/-/web-playwright-1.15.1.tgz",
      "integrity": "sha512-rUymnukDb0QxFZPYXDA/51a9NaztCV/YrJGbu/+GRLgAZ1f40w0/ObhnQv4FaEbLypSLXY56zQxfhoG77Bc4Og==",
      "dependencies": {
        "@haibun/core": "file:../core",
        "@haibun/domain-storage": "file:../domain-storage",
        "@haibun/domain-webpage": "file:../domain-webpage",
        "playwright": "^1.29.2"
      }
    },
    "node_modules/@haibun/web-playwright/node_modules/@haibun/core": {
      "resolved": "node_modules/@haibun/core",
      "link": true
    },
    "node_modules/@haibun/web-playwright/node_modules/@haibun/domain-storage": {
      "resolved": "node_modules/@haibun/domain-storage",
      "link": true
    },
    "node_modules/@haibun/web-playwright/node_modules/@haibun/domain-webpage": {
      "resolved": "node_modules/@haibun/domain-webpage",
      "link": true
    },
    "node_modules/@oozcitak/dom": {
      "version": "1.15.10",
      "resolved": "https://registry.npmjs.org/@oozcitak/dom/-/dom-1.15.10.tgz",
      "integrity": "sha512-0JT29/LaxVgRcGKvHmSrUTEvZ8BXvZhGl2LASRUgHqDTC1M5g1pLmVv56IYNyt3bG2CUjDkc67wnyZC14pbQrQ==",
      "dependencies": {
        "@oozcitak/infra": "1.0.8",
        "@oozcitak/url": "1.0.4",
        "@oozcitak/util": "8.3.8"
      },
      "engines": {
        "node": ">=8.0"
      }
    },
    "node_modules/@oozcitak/infra": {
      "version": "1.0.8",
      "resolved": "https://registry.npmjs.org/@oozcitak/infra/-/infra-1.0.8.tgz",
      "integrity": "sha512-JRAUc9VR6IGHOL7OGF+yrvs0LO8SlqGnPAMqyzOuFZPSZSXI7Xf2O9+awQPSMXgIWGtgUf/dA6Hs6X6ySEaWTg==",
      "dependencies": {
        "@oozcitak/util": "8.3.8"
      },
      "engines": {
        "node": ">=6.0"
      }
    },
    "node_modules/@oozcitak/url": {
      "version": "1.0.4",
      "resolved": "https://registry.npmjs.org/@oozcitak/url/-/url-1.0.4.tgz",
      "integrity": "sha512-kDcD8y+y3FCSOvnBI6HJgl00viO/nGbQoCINmQ0h98OhnGITrWR3bOGfwYCthgcrV8AnTJz8MzslTQbC3SOAmw==",
      "dependencies": {
        "@oozcitak/infra": "1.0.8",
        "@oozcitak/util": "8.3.8"
      },
      "engines": {
        "node": ">=8.0"
      }
    },
    "node_modules/@oozcitak/util": {
      "version": "8.3.8",
      "resolved": "https://registry.npmjs.org/@oozcitak/util/-/util-8.3.8.tgz",
      "integrity": "sha512-T8TbSnGsxo6TDBJx/Sgv/BlVJL3tshxZP7Aq5R1mSnM5OcHY2dQaxLMu2+E8u3gN0MLOzdjurqN4ZRVuzQycOQ==",
      "engines": {
        "node": ">=8.0"
      }
    },
    "node_modules/@types/node": {
      "version": "18.11.18",
      "resolved": "https://registry.npmjs.org/@types/node/-/node-18.11.18.tgz",
      "integrity": "sha512-DHQpWGjyQKSHj3ebjFI/wRKcqQcdR+MoFBygntYOZytCqNfkd2ZC4ARDJ2DQqhjH5p85Nnd3jhUJIXrszFX/JA=="
    },
    "node_modules/argparse": {
      "version": "1.0.10",
      "resolved": "https://registry.npmjs.org/argparse/-/argparse-1.0.10.tgz",
      "integrity": "sha512-o5Roy6tNG4SL/FOkCAN6RzjiakZS25RLYFrcMttJqbdd8BWrnA+fGz57iN5Pb06pvBGvl5gQ0B48dJlslXvoTg==",
      "dependencies": {
        "sprintf-js": "~1.0.2"
      }
    },
    "node_modules/buffer-from": {
      "version": "1.1.2",
      "resolved": "https://registry.npmjs.org/buffer-from/-/buffer-from-1.1.2.tgz",
      "integrity": "sha512-E+XQCRwSbaaiChtv6k6Dwgc+bx+Bs6vuKJHHl5kox/BaKbhiXzqQOwK4cO22yElGp2OCmjwVhT3HmxgyPGnJfQ=="
    },
    "node_modules/esprima": {
      "version": "4.0.1",
      "resolved": "https://registry.npmjs.org/esprima/-/esprima-4.0.1.tgz",
      "integrity": "sha512-eGuFFw7Upda+g4p+QHvnW0RyTX/SVeJBDM/gCtMARO0cLuT2HcEKnTPvhjV6aGeqrCB/sbNop0Kszm0jsaWU4A==",
      "bin": {
        "esparse": "bin/esparse.js",
        "esvalidate": "bin/esvalidate.js"
      },
      "engines": {
        "node": ">=4"
      }
    },
    "node_modules/js-yaml": {
      "version": "3.14.0",
      "resolved": "https://registry.npmjs.org/js-yaml/-/js-yaml-3.14.0.tgz",
      "integrity": "sha512-/4IbIeHcD9VMHFqDR/gQ7EdZdLimOvW2DdcxFjdyyZ9NsbS+ccrXqVWDtab/lRl5AlUqmpBx8EhPaWR+OtY17A==",
      "dependencies": {
        "argparse": "^1.0.7",
        "esprima": "^4.0.0"
      },
      "bin": {
        "js-yaml": "bin/js-yaml.js"
      }
    },
    "node_modules/playwright": {
      "version": "1.30.0",
      "resolved": "https://registry.npmjs.org/playwright/-/playwright-1.30.0.tgz",
      "integrity": "sha512-ENbW5o75HYB3YhnMTKJLTErIBExrSlX2ZZ1C/FzmHjUYIfxj/UnI+DWpQr992m+OQVSg0rCExAOlRwB+x+yyIg==",
      "hasInstallScript": true,
      "dependencies": {
        "playwright-core": "1.30.0"
      },
      "bin": {
        "playwright": "cli.js"
      },
      "engines": {
        "node": ">=14"
      }
    },
    "node_modules/playwright-core": {
      "version": "1.30.0",
      "resolved": "https://registry.npmjs.org/playwright-core/-/playwright-core-1.30.0.tgz",
      "integrity": "sha512-7AnRmTCf+GVYhHbLJsGUtskWTE33SwMZkybJ0v6rqR1boxq2x36U7p1vDRV7HO2IwTZgmycracLxPEJI49wu4g==",
      "bin": {
        "playwright": "cli.js"
      },
      "engines": {
        "node": ">=14"
      }
    },
    "node_modules/source-map": {
      "version": "0.6.1",
      "resolved": "https://registry.npmjs.org/source-map/-/source-map-0.6.1.tgz",
      "integrity": "sha512-UjgapumWlbMhkBgzT7Ykc5YXUT46F0iKu8SGXq0bcwP5dz/h0Plj6enJqjz1Zbq2l5WaqYnrVbwWOWMyF3F47g==",
      "engines": {
        "node": ">=0.10.0"
      }
    },
    "node_modules/source-map-support": {
      "version": "0.5.21",
      "resolved": "https://registry.npmjs.org/source-map-support/-/source-map-support-0.5.21.tgz",
      "integrity": "sha512-uBHU3L3czsIyYXKX88fdrGovxdSCoTGDRZ6SYXtSRxLZUzHg5P/66Ht6uoUlHu9EZod+inXhKo3qQgwXUT/y1w==",
      "dependencies": {
        "buffer-from": "^1.0.0",
        "source-map": "^0.6.0"
      }
    },
    "node_modules/sprintf-js": {
      "version": "1.0.3",
      "resolved": "https://registry.npmjs.org/sprintf-js/-/sprintf-js-1.0.3.tgz",
      "integrity": "sha512-D9cPgkvLlV3t3IzL0D0YLvGA9Ahk4PcvVwUbN0dSGr1aP0Nrt4AEnTUbuGvquEC0mA64Gqt1fzirlRs5ibXx8g=="
    },
    "node_modules/xmlbuilder2": {
      "version": "3.0.2",
      "resolved": "https://registry.npmjs.org/xmlbuilder2/-/xmlbuilder2-3.0.2.tgz",
      "integrity": "sha512-h4MUawGY21CTdhV4xm3DG9dgsqyhDkZvVJBx88beqX8wJs3VgyGQgAn5VreHuae6unTQxh115aMK5InCVmOIKw==",
      "dependencies": {
        "@oozcitak/dom": "1.15.10",
        "@oozcitak/infra": "1.0.8",
        "@oozcitak/util": "8.3.8",
        "@types/node": "*",
        "js-yaml": "3.14.0"
      },
      "engines": {
        "node": ">=12.0"
      }
    }
  },
  "dependencies": {
    "@haibun/cli": {
      "version": "1.15.1",
      "resolved": "https://registry.npmjs.org/@haibun/cli/-/cli-1.15.1.tgz",
      "integrity": "sha512-oDtx80C8+jO6FhVbNiG2i3Cwd2dVOyq1ySsOvIdpQo0gghz33YumwO67rr19pFBcfT0DnNUj1c1hAqlJH8ifVQ==",
      "requires": {
        "@haibun/core": "file:../core",
        "@haibun/domain-storage": "file:../domain-storage",
        "source-map-support": "^0.5.21"
      },
      "dependencies": {
        "@haibun/core": {
          "version": "file:node_modules/@haibun/core"
        },
        "@haibun/domain-storage": {
          "version": "file:node_modules/@haibun/domain-storage",
          "requires": {
            "@haibun/context": "file:../context",
            "@haibun/core": "file:../core"
          },
          "dependencies": {
            "@haibun/core": {
              "version": "file:node_modules/@haibun/core"
            }
          }
        }
      }
    },
    "@haibun/context": {
      "version": "1.13.18",
      "requires": {
        "@haibun/core": "1.13.18",
        "@haibun/web-server-express": "1.13.18",
        "ws": "^8.9.0"
      }
    },
    "@haibun/core": {
      "version": "1.15.1",
      "resolved": "https://registry.npmjs.org/@haibun/core/-/core-1.15.1.tgz",
      "integrity": "sha512-Wln0CMP31NGKQmBf8Im4BPRfAmCVaVhMJL7tQWybpAwEGBL5ZbeMbhOy/4DhvKqvB6oq18+hx+1DUTaLwiX3CQ=="
    },
    "@haibun/domain-storage": {
      "version": "1.15.1",
      "resolved": "https://registry.npmjs.org/@haibun/domain-storage/-/domain-storage-1.15.1.tgz",
      "integrity": "sha512-Iy6GgyimVTyUjaT+n5MnUJZU3QuH3qSYEllBzplBCV6ivxJHi9Sl9VOdn/rNE0BRGMeVOa2ozP05z1vnmRsQeg==",
      "requires": {
        "@haibun/context": "file:../context",
        "@haibun/core": "file:../core"
      },
      "dependencies": {
        "@haibun/core": {
          "version": "file:node_modules/@haibun/core"
        }
      }
    },
    "@haibun/domain-webpage": {
      "version": "1.15.1",
      "resolved": "https://registry.npmjs.org/@haibun/domain-webpage/-/domain-webpage-1.15.1.tgz",
      "integrity": "sha512-dV32xfDkGQ2iHch7wlA1XO5SVgy34ynVbPaey1emuDVcEs1fy2jJDJ7G3GZbLHnIJq7rAsKQGTizojPcKYTIOQ==",
      "requires": {
        "@haibun/core": "file:../core"
      },
      "dependencies": {
        "@haibun/core": {
          "version": "file:node_modules/@haibun/core"
        }
      }
    },
    "@haibun/out-review": {
      "version": "1.15.1",
      "resolved": "https://registry.npmjs.org/@haibun/out-review/-/out-review-1.15.1.tgz",
      "integrity": "sha512-SqsWKi1QvK9fDNzkQ3sMseyq0iTmjS7uttQ4Q1p2iioS9bCCERvko/GNvg7VXsLgn5H9I78fANM+hGj+WnxRAQ==",
      "requires": {
        "@haibun/core": "file:../core",
        "@haibun/domain-storage": "file:../domain-storage",
        "@haibun/storage-fs": "file:../storage-fs",
        "xmlbuilder2": "^3.0.2"
      },
      "dependencies": {
        "@haibun/core": {
          "version": "file:node_modules/@haibun/core"
        },
        "@haibun/domain-storage": {
          "version": "file:node_modules/@haibun/domain-storage",
          "requires": {
            "@haibun/context": "file:../context",
            "@haibun/core": "file:../core"
          },
          "dependencies": {
            "@haibun/core": {
              "version": "file:node_modules/@haibun/core"
            }
          }
        },
        "@haibun/storage-fs": {
          "version": "file:node_modules/@haibun/storage-fs",
          "requires": {
            "@haibun/core": "file:../core",
            "@haibun/domain-storage": "file:../domain-storage"
          },
          "dependencies": {
            "@haibun/core": {
              "version": "file:node_modules/@haibun/core"
            },
            "@haibun/domain-storage": {
              "version": "file:node_modules/@haibun/domain-storage",
              "requires": {
                "@haibun/context": "file:../context",
                "@haibun/core": "file:../core"
              },
              "dependencies": {
                "@haibun/core": {
                  "version": "file:node_modules/@haibun/core"
                }
              }
            }
          }
        }
      }
    },
    "@haibun/storage-fs": {
      "version": "1.15.1",
      "resolved": "https://registry.npmjs.org/@haibun/storage-fs/-/storage-fs-1.15.1.tgz",
      "integrity": "sha512-qBtNolGWNYriabFamIiUqlzj+pwxEUQWf/tmx2BD/wVdM6OzMqgTn6ydlvyt51KJlBrd9MOMhfe3aWQwyWAtEw==",
      "requires": {
        "@haibun/core": "file:../core",
        "@haibun/domain-storage": "file:../domain-storage"
      },
      "dependencies": {
        "@haibun/core": {
          "version": "file:node_modules/@haibun/core"
        },
        "@haibun/domain-storage": {
          "version": "file:node_modules/@haibun/domain-storage",
          "requires": {
            "@haibun/context": "file:../context",
            "@haibun/core": "file:../core"
          },
          "dependencies": {
            "@haibun/core": {
              "version": "file:node_modules/@haibun/core"
            }
          }
        }
      }
    },
    "@haibun/web-playwright": {
      "version": "1.15.1",
      "resolved": "https://registry.npmjs.org/@haibun/web-playwright/-/web-playwright-1.15.1.tgz",
      "integrity": "sha512-rUymnukDb0QxFZPYXDA/51a9NaztCV/YrJGbu/+GRLgAZ1f40w0/ObhnQv4FaEbLypSLXY56zQxfhoG77Bc4Og==",
      "requires": {
        "@haibun/core": "file:../core",
        "@haibun/domain-storage": "file:../domain-storage",
        "@haibun/domain-webpage": "file:../domain-webpage",
        "playwright": "^1.29.2"
      },
      "dependencies": {
        "@haibun/core": {
          "version": "file:node_modules/@haibun/core"
        },
        "@haibun/domain-storage": {
          "version": "file:node_modules/@haibun/domain-storage",
          "requires": {
            "@haibun/context": "file:../context",
            "@haibun/core": "file:../core"
          },
          "dependencies": {
            "@haibun/core": {
              "version": "file:node_modules/@haibun/core"
            }
          }
        },
        "@haibun/domain-webpage": {
          "version": "file:node_modules/@haibun/domain-webpage",
          "requires": {
            "@haibun/core": "file:../core"
          },
          "dependencies": {
            "@haibun/core": {
              "version": "file:node_modules/@haibun/core"
            }
          }
        }
      }
    },
    "@oozcitak/dom": {
      "version": "1.15.10",
      "resolved": "https://registry.npmjs.org/@oozcitak/dom/-/dom-1.15.10.tgz",
      "integrity": "sha512-0JT29/LaxVgRcGKvHmSrUTEvZ8BXvZhGl2LASRUgHqDTC1M5g1pLmVv56IYNyt3bG2CUjDkc67wnyZC14pbQrQ==",
      "requires": {
        "@oozcitak/infra": "1.0.8",
        "@oozcitak/url": "1.0.4",
        "@oozcitak/util": "8.3.8"
      }
    },
    "@oozcitak/infra": {
      "version": "1.0.8",
      "resolved": "https://registry.npmjs.org/@oozcitak/infra/-/infra-1.0.8.tgz",
      "integrity": "sha512-JRAUc9VR6IGHOL7OGF+yrvs0LO8SlqGnPAMqyzOuFZPSZSXI7Xf2O9+awQPSMXgIWGtgUf/dA6Hs6X6ySEaWTg==",
      "requires": {
        "@oozcitak/util": "8.3.8"
      }
    },
    "@oozcitak/url": {
      "version": "1.0.4",
      "resolved": "https://registry.npmjs.org/@oozcitak/url/-/url-1.0.4.tgz",
      "integrity": "sha512-kDcD8y+y3FCSOvnBI6HJgl00viO/nGbQoCINmQ0h98OhnGITrWR3bOGfwYCthgcrV8AnTJz8MzslTQbC3SOAmw==",
      "requires": {
        "@oozcitak/infra": "1.0.8",
        "@oozcitak/util": "8.3.8"
      }
    },
    "@oozcitak/util": {
      "version": "8.3.8",
      "resolved": "https://registry.npmjs.org/@oozcitak/util/-/util-8.3.8.tgz",
      "integrity": "sha512-T8TbSnGsxo6TDBJx/Sgv/BlVJL3tshxZP7Aq5R1mSnM5OcHY2dQaxLMu2+E8u3gN0MLOzdjurqN4ZRVuzQycOQ=="
    },
    "@types/node": {
      "version": "18.11.18",
      "resolved": "https://registry.npmjs.org/@types/node/-/node-18.11.18.tgz",
      "integrity": "sha512-DHQpWGjyQKSHj3ebjFI/wRKcqQcdR+MoFBygntYOZytCqNfkd2ZC4ARDJ2DQqhjH5p85Nnd3jhUJIXrszFX/JA=="
    },
    "argparse": {
      "version": "1.0.10",
      "resolved": "https://registry.npmjs.org/argparse/-/argparse-1.0.10.tgz",
      "integrity": "sha512-o5Roy6tNG4SL/FOkCAN6RzjiakZS25RLYFrcMttJqbdd8BWrnA+fGz57iN5Pb06pvBGvl5gQ0B48dJlslXvoTg==",
      "requires": {
        "sprintf-js": "~1.0.2"
      }
    },
    "buffer-from": {
      "version": "1.1.2",
      "resolved": "https://registry.npmjs.org/buffer-from/-/buffer-from-1.1.2.tgz",
      "integrity": "sha512-E+XQCRwSbaaiChtv6k6Dwgc+bx+Bs6vuKJHHl5kox/BaKbhiXzqQOwK4cO22yElGp2OCmjwVhT3HmxgyPGnJfQ=="
    },
    "esprima": {
      "version": "4.0.1",
      "resolved": "https://registry.npmjs.org/esprima/-/esprima-4.0.1.tgz",
      "integrity": "sha512-eGuFFw7Upda+g4p+QHvnW0RyTX/SVeJBDM/gCtMARO0cLuT2HcEKnTPvhjV6aGeqrCB/sbNop0Kszm0jsaWU4A=="
    },
    "js-yaml": {
      "version": "3.14.0",
      "resolved": "https://registry.npmjs.org/js-yaml/-/js-yaml-3.14.0.tgz",
      "integrity": "sha512-/4IbIeHcD9VMHFqDR/gQ7EdZdLimOvW2DdcxFjdyyZ9NsbS+ccrXqVWDtab/lRl5AlUqmpBx8EhPaWR+OtY17A==",
      "requires": {
        "argparse": "^1.0.7",
        "esprima": "^4.0.0"
      }
    },
    "playwright": {
      "version": "1.30.0",
      "resolved": "https://registry.npmjs.org/playwright/-/playwright-1.30.0.tgz",
      "integrity": "sha512-ENbW5o75HYB3YhnMTKJLTErIBExrSlX2ZZ1C/FzmHjUYIfxj/UnI+DWpQr992m+OQVSg0rCExAOlRwB+x+yyIg==",
      "requires": {
        "playwright-core": "1.30.0"
      }
    },
    "playwright-core": {
      "version": "1.30.0",
      "resolved": "https://registry.npmjs.org/playwright-core/-/playwright-core-1.30.0.tgz",
      "integrity": "sha512-7AnRmTCf+GVYhHbLJsGUtskWTE33SwMZkybJ0v6rqR1boxq2x36U7p1vDRV7HO2IwTZgmycracLxPEJI49wu4g=="
    },
    "source-map": {
      "version": "0.6.1",
      "resolved": "https://registry.npmjs.org/source-map/-/source-map-0.6.1.tgz",
      "integrity": "sha512-UjgapumWlbMhkBgzT7Ykc5YXUT46F0iKu8SGXq0bcwP5dz/h0Plj6enJqjz1Zbq2l5WaqYnrVbwWOWMyF3F47g=="
    },
    "source-map-support": {
      "version": "0.5.21",
      "resolved": "https://registry.npmjs.org/source-map-support/-/source-map-support-0.5.21.tgz",
      "integrity": "sha512-uBHU3L3czsIyYXKX88fdrGovxdSCoTGDRZ6SYXtSRxLZUzHg5P/66Ht6uoUlHu9EZod+inXhKo3qQgwXUT/y1w==",
      "requires": {
        "buffer-from": "^1.0.0",
        "source-map": "^0.6.0"
      }
    },
    "sprintf-js": {
      "version": "1.0.3",
      "resolved": "https://registry.npmjs.org/sprintf-js/-/sprintf-js-1.0.3.tgz",
      "integrity": "sha512-D9cPgkvLlV3t3IzL0D0YLvGA9Ahk4PcvVwUbN0dSGr1aP0Nrt4AEnTUbuGvquEC0mA64Gqt1fzirlRs5ibXx8g=="
    },
    "xmlbuilder2": {
      "version": "3.0.2",
      "resolved": "https://registry.npmjs.org/xmlbuilder2/-/xmlbuilder2-3.0.2.tgz",
      "integrity": "sha512-h4MUawGY21CTdhV4xm3DG9dgsqyhDkZvVJBx88beqX8wJs3VgyGQgAn5VreHuae6unTQxh115aMK5InCVmOIKw==",
      "requires": {
        "@oozcitak/dom": "1.15.10",
        "@oozcitak/infra": "1.0.8",
        "@oozcitak/util": "8.3.8",
        "@types/node": "*",
        "js-yaml": "3.14.0"
      }
    }
  }
}
